
Microsoft Visual Studio Solution File, Format Version 12.00
# Visual Studio Version 17
VisualStudioVersion = 17.4.33213.308
MinimumVisualStudioVersion = 10.0.40219.1
Project("{FAE04EC0-301F-11D3-BF4B-00C04F79EFBC}") = "Assignment", "Assignment.csproj", "{C503B82B-31E7-4951-B7FC-FF216C195EA4}"
EndProject
Global
	GlobalSection(SolutionConfigurationPlatforms) = preSolution
		Debug|Any CPU = Debug|Any CPU
		Release|Any CPU = Release|Any CPU
	EndGlobalSection
	GlobalSection(ProjectConfigurationPlatforms) = postSolution
		{C503B82B-31E7-4951-B7FC-FF216C195EA4}.Debug|Any CPU.ActiveCfg = Debug|Any CPU
		{C503B82B-31E7-4951-B7FC-FF216C195EA4}.Debug|Any CPU.Build.0 = Debug|Any CPU
		{C503B82B-31E7-4951-B7FC-FF216C195EA4}.Release|Any CPU.ActiveCfg = Release|Any CPU
		{C503B82B-31E7-4951-B7FC-FF216C195EA4}.Release|Any CPU.Build.0 = Release|Any CPU
	EndGlobalSection
	GlobalSection(SolutionProperties) = preSolution
		HideSolutionNode = FALSE
	EndGlobalSection
	GlobalSection(ExtensibilityGlobals) = postSolution
		SolutionGuid = {20510976-8305-447F-BCB2-1CA09FB944A9}
	EndGlobalSection
EndGlobal
